// !$*UTF8*$!
{
	archiveVersion = 1;
	classes = {
	};
	objectVersion = 50;
	objects = {

/* Begin PBXBuildFile section */
		52C2B32D240C46BB006E217F /* AppDelegate.swift in Sources */ = {isa = PBXBuildFile; fileRef = 52C2B32C240C46BB006E217F /* AppDelegate.swift */; };
		52C2B331240C46BC006E217F /* Assets.xcassets in Resources */ = {isa = PBXBuildFile; fileRef = 52C2B330240C46BC006E217F /* Assets.xcassets */; };
		52C2B334240C46BC006E217F /* Preview Assets.xcassets in Resources */ = {isa = PBXBuildFile; fileRef = 52C2B333240C46BC006E217F /* Preview Assets.xcassets */; };
		52C2B337240C46BC006E217F /* Main.storyboard in Resources */ = {isa = PBXBuildFile; fileRef = 52C2B335240C46BC006E217F /* Main.storyboard */; };
		52C2B343240C46BC006E217F /* To_do_BarTests.swift in Sources */ = {isa = PBXBuildFile; fileRef = 52C2B342240C46BC006E217F /* To_do_BarTests.swift */; };
		52C2B34E240C46BC006E217F /* To_do_BarUITests.swift in Sources */ = {isa = PBXBuildFile; fileRef = 52C2B34D240C46BC006E217F /* To_do_BarUITests.swift */; };
/* End PBXBuildFile section */

/* Begin PBXContainerItemProxy section */
		52C2B33F240C46BC006E217F /* PBXContainerItemProxy */ = {
			isa = PBXContainerItemProxy;
			containerPortal = 52C2B321240C46BB006E217F /* Project object */;
			proxyType = 1;
			remoteGlobalIDString = 52C2B328240C46BB006E217F;
			remoteInfo = "To-do Bar";
		};
		52C2B34A240C46BC006E217F /* PBXContainerItemProxy */ = {
			isa = PBXContainerItemProxy;
			containerPortal = 52C2B321240C46BB006E217F /* Project object */;
			proxyType = 1;
			remoteGlobalIDString = 52C2B328240C46BB006E217F;
			remoteInfo = "To-do Bar";
		};
/* End PBXContainerItemProxy section */

/* Begin PBXFileReference section */
		52C2B329240C46BB006E217F /* To-do Bar.app */ = {isa = PBXFileReference; explicitFileType = wrapper.application; includeInIndex = 0; path = "To-do Bar.app"; sourceTree = BUILT_PRODUCTS_DIR; };
		52C2B32C240C46BB006E217F /* AppDelegate.swift */ = {isa = PBXFileReference; lastKnownFileType = sourcecode.swift; path = AppDelegate.swift; sourceTree = "<group>"; };
		52C2B330240C46BC006E217F /* Assets.xcassets */ = {isa = PBXFileReference; lastKnownFileType = folder.assetcatalog; path = Assets.xcassets; sourceTree = "<group>"; };
		52C2B333240C46BC006E217F /* Preview Assets.xcassets */ = {isa = PBXFileReference; lastKnownFileType = folder.assetcatalog; path = "Preview Assets.xcassets"; sourceTree = "<group>"; };
		52C2B336240C46BC006E217F /* Base */ = {isa = PBXFileReference; lastKnownFileType = file.storyboard; name = Base; path = Base.lproj/Main.storyboard; sourceTree = "<group>"; };
		52C2B338240C46BC006E217F /* Info.plist */ = {isa = PBXFileReference; lastKnownFileType = text.plist.xml; path = Info.plist; sourceTree = "<group>"; };
		52C2B339240C46BC006E217F /* To_do_Bar.entitlements */ = {isa = PBXFileReference; lastKnownFileType = text.plist.entitlements; path = To_do_Bar.entitlements; sourceTree = "<group>"; };
		52C2B33E240C46BC006E217F /* To-do BarTests.xctest */ = {isa = PBXFileReference; explicitFileType = wrapper.cfbundle; includeInIndex = 0; path = "To-do BarTests.xctest"; sourceTree = BUILT_PRODUCTS_DIR; };
		52C2B342240C46BC006E217F /* To_do_BarTests.swift */ = {isa = PBXFileReference; lastKnownFileType = sourcecode.swift; path = To_do_BarTests.swift; sourceTree = "<group>"; };
		52C2B344240C46BC006E217F /* Info.plist */ = {isa = PBXFileReference; lastKnownFileType = text.plist.xml; path = Info.plist; sourceTree = "<group>"; };
		52C2B349240C46BC006E217F /* To-do BarUITests.xctest */ = {isa = PBXFileReference; explicitFileType = wrapper.cfbundle; includeInIndex = 0; path = "To-do BarUITests.xctest"; sourceTree = BUILT_PRODUCTS_DIR; };
		52C2B34D240C46BC006E217F /* To_do_BarUITests.swift */ = {isa = PBXFileReference; lastKnownFileType = sourcecode.swift; path = To_do_BarUITests.swift; sourceTree = "<group>"; };
		52C2B34F240C46BC006E217F /* Info.plist */ = {isa = PBXFileReference; lastKnownFileType = text.plist.xml; path = Info.plist; sourceTree = "<group>"; };
/* End PBXFileReference section */

/* Begin PBXFrameworksBuildPhase section */
		52C2B326240C46BB006E217F /* Frameworks */ = {
			isa = PBXFrameworksBuildPhase;
			buildActionMask = 2147483647;
			files = (
			);
			runOnlyForDeploymentPostprocessing = 0;
		};
		52C2B33B240C46BC006E217F /* Frameworks */ = {
			isa = PBXFrameworksBuildPhase;
			buildActionMask = 2147483647;
			files = (
			);
			runOnlyForDeploymentPostprocessing = 0;
		};
		52C2B346240C46BC006E217F /* Frameworks */ = {
			isa = PBXFrameworksBuildPhase;
			buildActionMask = 2147483647;
			files = (
			);
			runOnlyForDeploymentPostprocessing = 0;
		};
/* End PBXFrameworksBuildPhase section */

/* Begin PBXGroup section */
		52C2B320240C46BB006E217F = {
			isa = PBXGroup;
			children = (
				52C2B32B240C46BB006E217F /* To-do Bar */,
				52C2B341240C46BC006E217F /* To-do BarTests */,
				52C2B34C240C46BC006E217F /* To-do BarUITests */,
				52C2B32A240C46BB006E217F /* Products */,
			);
			sourceTree = "<group>";
		};
		52C2B32A240C46BB006E217F /* Products */ = {
			isa = PBXGroup;
			children = (
				52C2B329240C46BB006E217F /* To-do Bar.app */,
				52C2B33E240C46BC006E217F /* To-do BarTests.xctest */,
				52C2B349240C46BC006E217F /* To-do BarUITests.xctest */,
			);
			name = Products;
			sourceTree = "<group>";
		};
		52C2B32B240C46BB006E217F /* To-do Bar */ = {
			isa = PBXGroup;
			children = (
				52C2B32C240C46BB006E217F /* AppDelegate.swift */,
				52C2B330240C46BC006E217F /* Assets.xcassets */,
				52C2B335240C46BC006E217F /* Main.storyboard */,
				52C2B338240C46BC006E217F /* Info.plist */,
				52C2B339240C46BC006E217F /* To_do_Bar.entitlements */,
				52C2B332240C46BC006E217F /* Preview Content */,
			);
			path = "To-do Bar";
			sourceTree = "<group>";
		};
		52C2B332240C46BC006E217F /* Preview Content */ = {
			isa = PBXGroup;
			children = (
				52C2B333240C46BC006E217F /* Preview Assets.xcassets */,
			);
			path = "Preview Content";
			sourceTree = "<group>";
		};
		52C2B341240C46BC006E217F /* To-do BarTests */ = {
			isa = PBXGroup;
			children = (
				52C2B342240C46BC006E217F /* To_do_BarTests.swift */,
				52C2B344240C46BC006E217F /* Info.plist */,
			);
			path = "To-do BarTests";
			sourceTree = "<group>";
		};
		52C2B34C240C46BC006E217F /* To-do BarUITests */ = {
			isa = PBXGroup;
			children = (
				52C2B34D240C46BC006E217F /* To_do_BarUITests.swift */,
				52C2B34F240C46BC006E217F /* Info.plist */,
			);
			path = "To-do BarUITests";
			sourceTree = "<group>";
		};
/* End PBXGroup section */

/* Begin PBXNativeTarget section */
		52C2B328240C46BB006E217F /* To-do Bar */ = {
			isa = PBXNativeTarget;
			buildConfigurationList = 52C2B352240C46BC006E217F /* Build configuration list for PBXNativeTarget "To-do Bar" */;
			buildPhases = (
				52C2B325240C46BB006E217F /* Sources */,
				52C2B326240C46BB006E217F /* Frameworks */,
				52C2B327240C46BB006E217F /* Resources */,
			);
			buildRules = (
			);
			dependencies = (
			);
			name = "To-do Bar";
			productName = "To-do Bar";
			productReference = 52C2B329240C46BB006E217F /* To-do Bar.app */;
			productType = "com.apple.product-type.application";
		};
		52C2B33D240C46BC006E217F /* To-do BarTests */ = {
			isa = PBXNativeTarget;
			buildConfigurationList = 52C2B355240C46BC006E217F /* Build configuration list for PBXNativeTarget "To-do BarTests" */;
			buildPhases = (
				52C2B33A240C46BC006E217F /* Sources */,
				52C2B33B240C46BC006E217F /* Frameworks */,
				52C2B33C240C46BC006E217F /* Resources */,
			);
			buildRules = (
			);
			dependencies = (
				52C2B340240C46BC006E217F /* PBXTargetDependency */,
			);
			name = "To-do BarTests";
			productName = "To-do BarTests";
			productReference = 52C2B33E240C46BC006E217F /* To-do BarTests.xctest */;
			productType = "com.apple.product-type.bundle.unit-test";
		};
		52C2B348240C46BC006E217F /* To-do BarUITests */ = {
			isa = PBXNativeTarget;
			buildConfigurationList = 52C2B358240C46BC006E217F /* Build configuration list for PBXNativeTarget "To-do BarUITests" */;
			buildPhases = (
				52C2B345240C46BC006E217F /* Sources */,
				52C2B346240C46BC006E217F /* Frameworks */,
				52C2B347240C46BC006E217F /* Resources */,
			);
			buildRules = (
			);
			dependencies = (
				52C2B34B240C46BC006E217F /* PBXTargetDependency */,
			);
			name = "To-do BarUITests";
			productName = "To-do BarUITests";
			productReference = 52C2B349240C46BC006E217F /* To-do BarUITests.xctest */;
			productType = "com.apple.product-type.bundle.ui-testing";
		};
/* End PBXNativeTarget section */

/* Begin PBXProject section */
		52C2B321240C46BB006E217F /* Project object */ = {
			isa = PBXProject;
			attributes = {
				LastSwiftUpdateCheck = 1130;
				LastUpgradeCheck = 1130;
				ORGANIZATIONNAME = "Zhexiong Liu";
				TargetAttributes = {
					52C2B328240C46BB006E217F = {
						CreatedOnToolsVersion = 11.3.1;
					};
					52C2B33D240C46BC006E217F = {
						CreatedOnToolsVersion = 11.3.1;
						TestTargetID = 52C2B328240C46BB006E217F;
					};
					52C2B348240C46BC006E217F = {
						CreatedOnToolsVersion = 11.3.1;
						TestTargetID = 52C2B328240C46BB006E217F;
					};
				};
			};
			buildConfigurationList = 52C2B324240C46BB006E217F /* Build configuration list for PBXProject "To-do Bar" */;
			compatibilityVersion = "Xcode 9.3";
			developmentRegion = en;
			hasScannedForEncodings = 0;
			knownRegions = (
				en,
				Base,
			);
			mainGroup = 52C2B320240C46BB006E217F;
			productRefGroup = 52C2B32A240C46BB006E217F /* Products */;
			projectDirPath = "";
			projectRoot = "";
			targets = (
				52C2B328240C46BB006E217F /* To-do Bar */,
				52C2B33D240C46BC006E217F /* To-do BarTests */,
				52C2B348240C46BC006E217F /* To-do BarUITests */,
			);
		};
/* End PBXProject section */

/* Begin PBXResourcesBuildPhase section */
		52C2B327240C46BB006E217F /* Resources */ = {
			isa = PBXResourcesBuildPhase;
			buildActionMask = 2147483647;
			files = (
				52C2B337240C46BC006E217F /* Main.storyboard in Resources */,
				52C2B334240C46BC006E217F /* Preview Assets.xcassets in Resources */,
				52C2B331240C46BC006E217F /* Assets.xcassets in Resources */,
			);
			runOnlyForDeploymentPostprocessing = 0;
		};
		52C2B33C240C46BC006E217F /* Resources */ = {
			isa = PBXResourcesBuildPhase;
			buildActionMask = 2147483647;
			files = (
			);
			runOnlyForDeploymentPostprocessing = 0;
		};
		52C2B347240C46BC006E217F /* Resources */ = {
			isa = PBXResourcesBuildPhase;
			buildActionMask = 2147483647;
			files = (
			);
			runOnlyForDeploymentPostprocessing = 0;
		};
/* End PBXResourcesBuildPhase section */

/* Begin PBXSourcesBuildPhase section */
		52C2B325240C46BB006E217F /* Sources */ = {
			isa = PBXSourcesBuildPhase;
			buildActionMask = 2147483647;
			files = (
				52C2B32D240C46BB006E217F /* AppDelegate.swift in Sources */,
			);
			runOnlyForDeploymentPostprocessing = 0;
		};
		52C2B33A240C46BC006E217F /* Sources */ = {
			isa = PBXSourcesBuildPhase;
			buildActionMask = 2147483647;
			files = (
				52C2B343240C46BC006E217F /* To_do_BarTests.swift in Sources */,
			);
			runOnlyForDeploymentPostprocessing = 0;
		};
		52C2B345240C46BC006E217F /* Sources */ = {
			isa = PBXSourcesBuildPhase;
			buildActionMask = 2147483647;
			files = (
				52C2B34E240C46BC006E217F /* To_do_BarUITests.swift in Sources */,
			);
			runOnlyForDeploymentPostprocessing = 0;
		};
/* End PBXSourcesBuildPhase section */

/* Begin PBXTargetDependency section */
		52C2B340240C46BC006E217F /* PBXTargetDependency */ = {
			isa = PBXTargetDependency;
			target = 52C2B328240C46BB006E217F /* To-do Bar */;
			targetProxy = 52C2B33F240C46BC006E217F /* PBXContainerItemProxy */;
		};
		52C2B34B240C46BC006E217F /* PBXTargetDependency */ = {
			isa = PBXTargetDependency;
			target = 52C2B328240C46BB006E217F /* To-do Bar */;
			targetProxy = 52C2B34A240C46BC006E217F /* PBXContainerItemProxy */;
		};
/* End PBXTargetDependency section */

/* Begin PBXVariantGroup section */
		52C2B335240C46BC006E217F /* Main.storyboard */ = {
			isa = PBXVariantGroup;
			children = (
				52C2B336240C46BC006E217F /* Base */,
			);
			name = Main.storyboard;
			sourceTree = "<group>";
		};
/* End PBXVariantGroup section */

/* Begin XCBuildConfiguration section */
		52C2B350240C46BC006E217F /* Debug */ = {
			isa = XCBuildConfiguration;
			buildSettings = {
				ALWAYS_SEARCH_USER_PATHS = NO;
				CLANG_ANALYZER_NONNULL = YES;
				CLANG_ANALYZER_NUMBER_OBJECT_CONVERSION = YES_AGGRESSIVE;
				CLANG_CXX_LANGUAGE_STANDARD = "gnu++14";
				CLANG_CXX_LIBRARY = "libc++";
				CLANG_ENABLE_MODULES = YES;
				CLANG_ENABLE_OBJC_ARC = YES;
				CLANG_ENABLE_OBJC_WEAK = YES;
				CLANG_WARN_BLOCK_CAPTURE_AUTORELEASING = YES;
				CLANG_WARN_BOOL_CONVERSION = YES;
				CLANG_WARN_COMMA = YES;
				CLANG_WARN_CONSTANT_CONVERSION = YES;
				CLANG_WARN_DEPRECATED_OBJC_IMPLEMENTATIONS = YES;
				CLANG_WARN_DIRECT_OBJC_ISA_USAGE = YES_ERROR;
				CLANG_WARN_DOCUMENTATION_COMMENTS = YES;
				CLANG_WARN_EMPTY_BODY = YES;
				CLANG_WARN_ENUM_CONVERSION = YES;
				CLANG_WARN_INFINITE_RECURSION = YES;
				CLANG_WARN_INT_CONVERSION = YES;
				CLANG_WARN_NON_LITERAL_NULL_CONVERSION = YES;
				CLANG_WARN_OBJC_IMPLICIT_RETAIN_SELF = YES;
				CLANG_WARN_OBJC_LITERAL_CONVERSION = YES;
				CLANG_WARN_OBJC_ROOT_CLASS = YES_ERROR;
				CLANG_WARN_RANGE_LOOP_ANALYSIS = YES;
				CLANG_WARN_STRICT_PROTOTYPES = YES;
				CLANG_WARN_SUSPICIOUS_MOVE = YES;
				CLANG_WARN_UNGUARDED_AVAILABILITY = YES_AGGRESSIVE;
				CLANG_WARN_UNREACHABLE_CODE = YES;
				CLANG_WARN__DUPLICATE_METHOD_MATCH = YES;
				COPY_PHASE_STRIP = NO;
				DEBUG_INFORMATION_FORMAT = dwarf;
				ENABLE_STRICT_OBJC_MSGSEND = YES;
				ENABLE_TESTABILITY = YES;
				GCC_C_LANGUAGE_STANDARD = gnu11;
				GCC_DYNAMIC_NO_PIC = NO;
				GCC_NO_COMMON_BLOCKS = YES;
				GCC_OPTIMIZATION_LEVEL = 0;
				GCC_PREPROCESSOR_DEFINITIONS = (
					"DEBUG=1",
					"$(inherited)",
				);
				GCC_WARN_64_TO_32_BIT_CONVERSION = YES;
				GCC_WARN_ABOUT_RETURN_TYPE = YES_ERROR;
				GCC_WARN_UNDECLARED_SELECTOR = YES;
				GCC_WARN_UNINITIALIZED_AUTOS = YES_AGGRESSIVE;
				GCC_WARN_UNUSED_FUNCTION = YES;
				GCC_WARN_UNUSED_VARIABLE = YES;
				MACOSX_DEPLOYMENT_TARGET = 10.15;
				MTL_ENABLE_DEBUG_INFO = INCLUDE_SOURCE;
				MTL_FAST_MATH = YES;
				ONLY_ACTIVE_ARCH = YES;
				SDKROOT = macosx;
				SWIFT_ACTIVE_COMPILATION_CONDITIONS = DEBUG;
				SWIFT_OPTIMIZATION_LEVEL = "-Onone";
			};
			name = Debug;
		};
		52C2B351240C46BC006E217F /* Release */ = {
			isa = XCBuildConfiguration;
			buildSettings = {
				ALWAYS_SEARCH_USER_PATHS = NO;
				CLANG_ANALYZER_NONNULL = YES;
				CLANG_ANALYZER_NUMBER_OBJECT_CONVERSION = YES_AGGRESSIVE;
				CLANG_CXX_LANGUAGE_STANDARD = "gnu++14";
				CLANG_CXX_LIBRARY = "libc++";
				CLANG_ENABLE_MODULES = YES;
				CLANG_ENABLE_OBJC_ARC = YES;
				CLANG_ENABLE_OBJC_WEAK = YES;
				CLANG_WARN_BLOCK_CAPTURE_AUTORELEASING = YES;
				CLANG_WARN_BOOL_CONVERSION = YES;
				CLANG_WARN_COMMA = YES;
				CLANG_WARN_CONSTANT_CONVERSION = YES;
				CLANG_WARN_DEPRECATED_OBJC_IMPLEMENTATIONS = YES;
				CLANG_WARN_DIRECT_OBJC_ISA_USAGE = YES_ERROR;
				CLANG_WARN_DOCUMENTATION_COMMENTS = YES;
				CLANG_WARN_EMPTY_BODY = YES;
				CLANG_WARN_ENUM_CONVERSION = YES;
				CLANG_WARN_INFINITE_RECURSION = YES;
				CLANG_WARN_INT_CONVERSION = YES;
				CLANG_WARN_NON_LITERAL_NULL_CONVERSION = YES;
				CLANG_WARN_OBJC_IMPLICIT_RETAIN_SELF = YES;
				CLANG_WARN_OBJC_LITERAL_CONVERSION = YES;
				CLANG_WARN_OBJC_ROOT_CLASS = YES_ERROR;
				CLANG_WARN_RANGE_LOOP_ANALYSIS = YES;
				CLANG_WARN_STRICT_PROTOTYPES = YES;
				CLANG_WARN_SUSPICIOUS_MOVE = YES;
				CLANG_WARN_UNGUARDED_AVAILABILITY = YES_AGGRESSIVE;
				CLANG_WARN_UNREACHABLE_CODE = YES;
				CLANG_WARN__DUPLICATE_METHOD_MATCH = YES;
				COPY_PHASE_STRIP = NO;
				DEBUG_INFORMATION_FORMAT = "dwarf-with-dsym";
				ENABLE_NS_ASSERTIONS = NO;
				ENABLE_STRICT_OBJC_MSGSEND = YES;
				GCC_C_LANGUAGE_STANDARD = gnu11;
				GCC_NO_COMMON_BLOCKS = YES;
				GCC_WARN_64_TO_32_BIT_CONVERSION = YES;
				GCC_WARN_ABOUT_RETURN_TYPE = YES_ERROR;
				GCC_WARN_UNDECLARED_SELECTOR = YES;
				GCC_WARN_UNINITIALIZED_AUTOS = YES_AGGRESSIVE;
				GCC_WARN_UNUSED_FUNCTION = YES;
				GCC_WARN_UNUSED_VARIABLE = YES;
				MACOSX_DEPLOYMENT_TARGET = 10.15;
				MTL_ENABLE_DEBUG_INFO = NO;
				MTL_FAST_MATH = YES;
				SDKROOT = macosx;
				SWIFT_COMPILATION_MODE = wholemodule;
				SWIFT_OPTIMIZATION_LEVEL = "-O";
			};
			name = Release;
		};
		52C2B353240C46BC006E217F /* Debug */ = {
			isa = XCBuildConfiguration;
			buildSettings = {
				ASSETCATALOG_COMPILER_APPICON_NAME = AppIcon;
				CODE_SIGN_ENTITLEMENTS = "To-do Bar/To_do_Bar.entitlements";
				CODE_SIGN_STYLE = Automatic;
				COMBINE_HIDPI_IMAGES = YES;
				DEVELOPMENT_ASSET_PATHS = "\"To-do Bar/Preview Content\"";
				ENABLE_PREVIEWS = YES;
				INFOPLIST_FILE = "To-do Bar/Info.plist";
				LD_RUNPATH_SEARCH_PATHS = (
					"$(inherited)",
					"@executable_path/../Frameworks",
				);
				MACOSX_DEPLOYMENT_TARGET = 10.15;
				PRODUCT_BUNDLE_IDENTIFIER = "Zhexiong-Liu.To-do-Bar";
				PRODUCT_NAME = "$(TARGET_NAME)";
				SWIFT_VERSION = 5.0;
			};
			name = Debug;
		};
		52C2B354240C46BC006E217F /* Release */ = {
			isa = XCBuildConfiguration;
			buildSettings = {
				ASSETCATALOG_COMPILER_APPICON_NAME = AppIcon;
				CODE_SIGN_ENTITLEMENTS = "To-do Bar/To_do_Bar.entitlements";
				CODE_SIGN_STYLE = Automatic;
				COMBINE_HIDPI_IMAGES = YES;
				DEVELOPMENT_ASSET_PATHS = "\"To-do Bar/Preview Content\"";
				ENABLE_PREVIEWS = YES;
				INFOPLIST_FILE = "To-do Bar/Info.plist";
				LD_RUNPATH_SEARCH_PATHS = (
					"$(inherited)",
					"@executable_path/../Frameworks",
				);
				MACOSX_DEPLOYMENT_TARGET = 10.15;
				PRODUCT_BUNDLE_IDENTIFIER = "Zhexiong-Liu.To-do-Bar";
				PRODUCT_NAME = "$(TARGET_NAME)";
				SWIFT_VERSION = 5.0;
			};
			name = Release;
		};
		52C2B356240C46BC006E217F /* Debug */ = {
			isa = XCBuildConfiguration;
			buildSettings = {
				ALWAYS_EMBED_SWIFT_STANDARD_LIBRARIES = YES;
				BUNDLE_LOADER = "$(TEST_HOST)";
				CODE_SIGN_STYLE = Automatic;
				COMBINE_HIDPI_IMAGES = YES;
				INFOPLIST_FILE = "To-do BarTests/Info.plist";
				LD_RUNPATH_SEARCH_PATHS = (
					"$(inherited)",
					"@executable_path/../Frameworks",
					"@loader_path/../Frameworks",
				);
				MACOSX_DEPLOYMENT_TARGET = 10.15;
				PRODUCT_BUNDLE_IDENTIFIER = "Zhexiong-Liu.To-do-BarTests";
				PRODUCT_NAME = "$(TARGET_NAME)";
				SWIFT_VERSION = 5.0;
				TEST_HOST = "$(BUILT_PRODUCTS_DIR)/To-do Bar.app/Contents/MacOS/To-do Bar";
			};
			name = Debug;
		};
		52C2B357240C46BC006E217F /* Release */ = {
			isa = XCBuildConfiguration;
			buildSettings = {
				ALWAYS_EMBED_SWIFT_STANDARD_LIBRARIES = YES;
				BUNDLE_LOADER = "$(TEST_HOST)";
				CODE_SIGN_STYLE = Automatic;
				COMBINE_HIDPI_IMAGES = YES;
				INFOPLIST_FILE = "To-do BarTests/Info.plist";
				LD_RUNPATH_SEARCH_PATHS = (
					"$(inherited)",
					"@executable_path/../Frameworks",
					"@loader_path/../Frameworks",
				);
				MACOSX_DEPLOYMENT_TARGET = 10.15;
				PRODUCT_BUNDLE_IDENTIFIER = "Zhexiong-Liu.To-do-BarTests";
				PRODUCT_NAME = "$(TARGET_NAME)";
				SWIFT_VERSION = 5.0;
				TEST_HOST = "$(BUILT_PRODUCTS_DIR)/To-do Bar.app/Contents/MacOS/To-do Bar";
			};
			name = Release;
		};
		52C2B359240C46BC006E217F /* Debug */ = {
			isa = XCBuildConfiguration;
			buildSettings = {
				ALWAYS_EMBED_SWIFT_STANDARD_LIBRARIES = YES;
				CODE_SIGN_STYLE = Automatic;
				COMBINE_HIDPI_IMAGES = YES;
				INFOPLIST_FILE = "To-do BarUITests/Info.plist";
				LD_RUNPATH_SEARCH_PATHS = (
					"$(inherited)",
					"@executable_path/../Frameworks",
					"@loader_path/../Frameworks",
				);
				PRODUCT_BUNDLE_IDENTIFIER = "Zhexiong-Liu.To-do-BarUITests";
				PRODUCT_NAME = "$(TARGET_NAME)";
				SWIFT_VERSION = 5.0;
				TEST_TARGET_NAME = "To-do Bar";
			};
			name = Debug;
		};
		52C2B35A240C46BC006E217F /* Release */ = {
			isa = XCBuildConfiguration;
			buildSettings = {
				ALWAYS_EMBED_SWIFT_STANDARD_LIBRARIES = YES;
				CODE_SIGN_STYLE = Automatic;
				COMBINE_HIDPI_IMAGES = YES;
				INFOPLIST_FILE = "To-do BarUITests/Info.plist";
				LD_RUNPATH_SEARCH_PATHS = (
					"$(inherited)",
					"@executable_path/../Frameworks",
					"@loader_path/../Frameworks",
				);
				PRODUCT_BUNDLE_IDENTIFIER = "Zhexiong-Liu.To-do-BarUITests";
				PRODUCT_NAME = "$(TARGET_NAME)";
				SWIFT_VERSION = 5.0;
				TEST_TARGET_NAME = "To-do Bar";
			};
			name = Release;
		};
/* End XCBuildConfiguration section */

/* Begin XCConfigurationList section */
		52C2B324240C46BB006E217F /* Build configuration list for PBXProject "To-do Bar" */ = {
			isa = XCConfigurationList;
			buildConfigurations = (
				52C2B350240C46BC006E217F /* Debug */,
				52C2B351240C46BC006E217F /* Release */,
			);
			defaultConfigurationIsVisible = 0;
			defaultConfigurationName = Release;
		};
		52C2B352240C46BC006E217F /* Build configuration list for PBXNativeTarget "To-do Bar" */ = {
			isa = XCConfigurationList;
			buildConfigurations = (
				52C2B353240C46BC006E217F /* Debug */,
				52C2B354240C46BC006E217F /* Release */,
			);
			defaultConfigurationIsVisible = 0;
			defaultConfigurationName = Release;
		};
		52C2B355240C46BC006E217F /* Build configuration list for PBXNativeTarget "To-do BarTests" */ = {
			isa = XCConfigurationList;
			buildConfigurations = (
				52C2B356240C46BC006E217F /* Debug */,
				52C2B357240C46BC006E217F /* Release */,
			);
			defaultConfigurationIsVisible = 0;
			defaultConfigurationName = Release;
		};
		52C2B358240C46BC006E217F /* Build configuration list for PBXNativeTarget "To-do BarUITests" */ = {
			isa = XCConfigurationList;
			buildConfigurations = (
				52C2B359240C46BC006E217F /* Debug */,
				52C2B35A240C46BC006E217F /* Release */,
			);
			defaultConfigurationIsVisible = 0;
			defaultConfigurationName = Release;
		};
/* End XCConfigurationList section */
	};
	rootObject = 52C2B321240C46BB006E217F /* Project object */;
}
